
Microsoft Visual Studio Solution File, Format Version 12.00
# Visual Studio Version 17
VisualStudioVersion = 17.2.32616.157
MinimumVisualStudioVersion = 10.0.40219.1
Project("{2150E333-8FDC-42A3-9474-1A3956D46DE8}") = "Solution Items", "Solution Items", "{0E7D2CA7-7C65-436E-A8A4-8428727F6CDC}"
	ProjectSection(SolutionItems) = preProject
		.gitignore = .gitignore
		.gitmodules = .gitmodules
		LICENSE = LICENSE
		.github\workflows\msbuild.yml = .github\workflows\msbuild.yml
		README.md = README.md
	EndProjectSection
EndProject
Project("{8BC9CEB8-8B4A-11D0-8D11-00A0C91BC942}") = "MKLoggingFiles", "MKLoggingFiles\MKLoggingFiles.vcxitems", "{2E7DC2DE-443A-467E-A6B2-2FBEE3B6B189}"
EndProject
Project("{8BC9CEB8-8B4A-11D0-8D11-00A0C91BC942}") = "MKLoggingTest", "MKLoggingTest\MKLoggingTest.vcxproj", "{A8506B1E-9EF9-4643-A1FA-74FF2A4EEC84}"
EndProject
Global
	GlobalSection(SolutionConfigurationPlatforms) = preSolution
		Debug|x64 = Debug|x64
		Debug|x86 = Debug|x86
		Release|x64 = Release|x64
		Release|x86 = Release|x86
	EndGlobalSection
	GlobalSection(ProjectConfigurationPlatforms) = postSolution
		{A8506B1E-9EF9-4643-A1FA-74FF2A4EEC84}.Debug|x64.ActiveCfg = Debug|x64
		{A8506B1E-9EF9-4643-A1FA-74FF2A4EEC84}.Debug|x64.Build.0 = Debug|x64
		{A8506B1E-9EF9-4643-A1FA-74FF2A4EEC84}.Debug|x86.ActiveCfg = Debug|Win32
		{A8506B1E-9EF9-4643-A1FA-74FF2A4EEC84}.Debug|x86.Build.0 = Debug|Win32
		{A8506B1E-9EF9-4643-A1FA-74FF2A4EEC84}.Release|x64.ActiveCfg = Release|x64
		{A8506B1E-9EF9-4643-A1FA-74FF2A4EEC84}.Release|x64.Build.0 = Release|x64
		{A8506B1E-9EF9-4643-A1FA-74FF2A4EEC84}.Release|x86.ActiveCfg = Release|Win32
		{A8506B1E-9EF9-4643-A1FA-74FF2A4EEC84}.Release|x86.Build.0 = Release|Win32
	EndGlobalSection
	GlobalSection(SolutionProperties) = preSolution
		HideSolutionNode = FALSE
	EndGlobalSection
	GlobalSection(ExtensibilityGlobals) = postSolution
		SolutionGuid = {EE9616B8-A0E9-41F2-BEE6-8D49A6E8FD52}
	EndGlobalSection
	GlobalSection(SharedMSBuildProjectFiles) = preSolution
		MKLoggingFiles\MKLoggingFiles.vcxitems*{2e7dc2de-443a-467e-a6b2-2fbee3b6b189}*SharedItemsImports = 9
		MKLoggingFiles\MKLoggingFiles.vcxitems*{a8506b1e-9ef9-4643-a1fa-74ff2a4eec84}*SharedItemsImports = 4
	EndGlobalSection
EndGlobal
